// !$*UTF8*$!
{
	archiveVersion = 1;
	classes = {
	};
	objectVersion = 50;
	objects = {

/* Begin PBXBuildFile section */
		6D7B79BE24E95031007825F1 /* AppDelegate.swift in Sources */ = {isa = PBXBuildFile; fileRef = 6D7B79BD24E95031007825F1 /* AppDelegate.swift */; };
		6D7B79C024E95031007825F1 /* Document.swift in Sources */ = {isa = PBXBuildFile; fileRef = 6D7B79BF24E95031007825F1 /* Document.swift */; };
		6D7B79C224E95031007825F1 /* ContentView.swift in Sources */ = {isa = PBXBuildFile; fileRef = 6D7B79C124E95031007825F1 /* ContentView.swift */; };
		6D7B79C524E95031007825F1 /* Document.xcdatamodeld in Sources */ = {isa = PBXBuildFile; fileRef = 6D7B79C324E95031007825F1 /* Document.xcdatamodeld */; };
		6D7B79C724E95033007825F1 /* Assets.xcassets in Resources */ = {isa = PBXBuildFile; fileRef = 6D7B79C624E95033007825F1 /* Assets.xcassets */; };
		6D7B79CA24E95033007825F1 /* Preview Assets.xcassets in Resources */ = {isa = PBXBuildFile; fileRef = 6D7B79C924E95033007825F1 /* Preview Assets.xcassets */; };
		6D7B79CD24E95033007825F1 /* Main.storyboard in Resources */ = {isa = PBXBuildFile; fileRef = 6D7B79CB24E95033007825F1 /* Main.storyboard */; };
		6D7B79D924E95033007825F1 /* MacCoreDataDocumentUITests.swift in Sources */ = {isa = PBXBuildFile; fileRef = 6D7B79D824E95033007825F1 /* MacCoreDataDocumentUITests.swift */; };
/* End PBXBuildFile section */

/* Begin PBXContainerItemProxy section */
		6D7B79D524E95033007825F1 /* PBXContainerItemProxy */ = {
			isa = PBXContainerItemProxy;
			containerPortal = 6D7B79B224E95031007825F1 /* Project object */;
			proxyType = 1;
			remoteGlobalIDString = 6D7B79B924E95031007825F1;
			remoteInfo = MacCoreDataDocument;
		};
/* End PBXContainerItemProxy section */

/* Begin PBXFileReference section */
		6D7B79BA24E95031007825F1 /* MacCoreDataDocument.app */ = {isa = PBXFileReference; explicitFileType = wrapper.application; includeInIndex = 0; path = MacCoreDataDocument.app; sourceTree = BUILT_PRODUCTS_DIR; };
		6D7B79BD24E95031007825F1 /* AppDelegate.swift */ = {isa = PBXFileReference; lastKnownFileType = sourcecode.swift; path = AppDelegate.swift; sourceTree = "<group>"; };
		6D7B79BF24E95031007825F1 /* Document.swift */ = {isa = PBXFileReference; lastKnownFileType = sourcecode.swift; path = Document.swift; sourceTree = "<group>"; };
		6D7B79C124E95031007825F1 /* ContentView.swift */ = {isa = PBXFileReference; lastKnownFileType = sourcecode.swift; path = ContentView.swift; sourceTree = "<group>"; };
		6D7B79C424E95031007825F1 /* Document.xcdatamodel */ = {isa = PBXFileReference; lastKnownFileType = wrapper.xcdatamodel; path = Document.xcdatamodel; sourceTree = "<group>"; };
		6D7B79C624E95033007825F1 /* Assets.xcassets */ = {isa = PBXFileReference; lastKnownFileType = folder.assetcatalog; path = Assets.xcassets; sourceTree = "<group>"; };
		6D7B79C924E95033007825F1 /* Preview Assets.xcassets */ = {isa = PBXFileReference; lastKnownFileType = folder.assetcatalog; path = "Preview Assets.xcassets"; sourceTree = "<group>"; };
		6D7B79CC24E95033007825F1 /* Base */ = {isa = PBXFileReference; lastKnownFileType = file.storyboard; name = Base; path = Base.lproj/Main.storyboard; sourceTree = "<group>"; };
		6D7B79CE24E95033007825F1 /* Info.plist */ = {isa = PBXFileReference; lastKnownFileType = text.plist.xml; path = Info.plist; sourceTree = "<group>"; };
		6D7B79CF24E95033007825F1 /* MacCoreDataDocument.entitlements */ = {isa = PBXFileReference; lastKnownFileType = text.plist.entitlements; path = MacCoreDataDocument.entitlements; sourceTree = "<group>"; };
		6D7B79D424E95033007825F1 /* MacCoreDataDocumentUITests.xctest */ = {isa = PBXFileReference; explicitFileType = wrapper.cfbundle; includeInIndex = 0; path = MacCoreDataDocumentUITests.xctest; sourceTree = BUILT_PRODUCTS_DIR; };
		6D7B79D824E95033007825F1 /* MacCoreDataDocumentUITests.swift */ = {isa = PBXFileReference; lastKnownFileType = sourcecode.swift; path = MacCoreDataDocumentUITests.swift; sourceTree = "<group>"; };
		6D7B79DA24E95033007825F1 /* Info.plist */ = {isa = PBXFileReference; lastKnownFileType = text.plist.xml; path = Info.plist; sourceTree = "<group>"; };
/* End PBXFileReference section */

/* Begin PBXFrameworksBuildPhase section */
		6D7B79B724E95031007825F1 /* Frameworks */ = {
			isa = PBXFrameworksBuildPhase;
			buildActionMask = 2147483647;
			files = (
			);
			runOnlyForDeploymentPostprocessing = 0;
		};
		6D7B79D124E95033007825F1 /* Frameworks */ = {
			isa = PBXFrameworksBuildPhase;
			buildActionMask = 2147483647;
			files = (
			);
			runOnlyForDeploymentPostprocessing = 0;
		};
/* End PBXFrameworksBuildPhase section */

/* Begin PBXGroup section */
		6D7B79B124E95031007825F1 = {
			isa = PBXGroup;
			children = (
				6D7B79BC24E95031007825F1 /* MacCoreDataDocument */,
				6D7B79D724E95033007825F1 /* MacCoreDataDocumentUITests */,
				6D7B79BB24E95031007825F1 /* Products */,
			);
			sourceTree = "<group>";
		};
		6D7B79BB24E95031007825F1 /* Products */ = {
			isa = PBXGroup;
			children = (
				6D7B79BA24E95031007825F1 /* MacCoreDataDocument.app */,
				6D7B79D424E95033007825F1 /* MacCoreDataDocumentUITests.xctest */,
			);
			name = Products;
			sourceTree = "<group>";
		};
		6D7B79BC24E95031007825F1 /* MacCoreDataDocument */ = {
			isa = PBXGroup;
			children = (
				6D7B79BD24E95031007825F1 /* AppDelegate.swift */,
				6D7B79BF24E95031007825F1 /* Document.swift */,
				6D7B79C124E95031007825F1 /* ContentView.swift */,
				6D7B79C624E95033007825F1 /* Assets.xcassets */,
				6D7B79CB24E95033007825F1 /* Main.storyboard */,
				6D7B79CE24E95033007825F1 /* Info.plist */,
				6D7B79CF24E95033007825F1 /* MacCoreDataDocument.entitlements */,
				6D7B79C324E95031007825F1 /* Document.xcdatamodeld */,
				6D7B79C824E95033007825F1 /* Preview Content */,
			);
			path = MacCoreDataDocument;
			sourceTree = "<group>";
		};
		6D7B79C824E95033007825F1 /* Preview Content */ = {
			isa = PBXGroup;
			children = (
				6D7B79C924E95033007825F1 /* Preview Assets.xcassets */,
			);
			path = "Preview Content";
			sourceTree = "<group>";
		};
		6D7B79D724E95033007825F1 /* MacCoreDataDocumentUITests */ = {
			isa = PBXGroup;
			children = (
				6D7B79D824E95033007825F1 /* MacCoreDataDocumentUITests.swift */,
				6D7B79DA24E95033007825F1 /* Info.plist */,
			);
			path = MacCoreDataDocumentUITests;
			sourceTree = "<group>";
		};
/* End PBXGroup section */

/* Begin PBXNativeTarget section */
		6D7B79B924E95031007825F1 /* MacCoreDataDocument */ = {
			isa = PBXNativeTarget;
			buildConfigurationList = 6D7B79DD24E95033007825F1 /* Build configuration list for PBXNativeTarget "MacCoreDataDocument" */;
			buildPhases = (
				6D7B79B624E95031007825F1 /* Sources */,
				6D7B79B724E95031007825F1 /* Frameworks */,
				6D7B79B824E95031007825F1 /* Resources */,
			);
			buildRules = (
			);
			dependencies = (
			);
			name = MacCoreDataDocument;
			productName = MacCoreDataDocument;
			productReference = 6D7B79BA24E95031007825F1 /* MacCoreDataDocument.app */;
			productType = "com.apple.product-type.application";
		};
		6D7B79D324E95033007825F1 /* MacCoreDataDocumentUITests */ = {
			isa = PBXNativeTarget;
			buildConfigurationList = 6D7B79E024E95033007825F1 /* Build configuration list for PBXNativeTarget "MacCoreDataDocumentUITests" */;
			buildPhases = (
				6D7B79D024E95033007825F1 /* Sources */,
				6D7B79D124E95033007825F1 /* Frameworks */,
				6D7B79D224E95033007825F1 /* Resources */,
			);
			buildRules = (
			);
			dependencies = (
				6D7B79D624E95033007825F1 /* PBXTargetDependency */,
			);
			name = MacCoreDataDocumentUITests;
			productName = MacCoreDataDocumentUITests;
			productReference = 6D7B79D424E95033007825F1 /* MacCoreDataDocumentUITests.xctest */;
			productType = "com.apple.product-type.bundle.ui-testing";
		};
/* End PBXNativeTarget section */

/* Begin PBXProject section */
		6D7B79B224E95031007825F1 /* Project object */ = {
			isa = PBXProject;
			attributes = {
				LastSwiftUpdateCheck = 1160;
				LastUpgradeCheck = 1160;
				ORGANIZATIONNAME = "Eleanor Spenceley";
				TargetAttributes = {
					6D7B79B924E95031007825F1 = {
						CreatedOnToolsVersion = 11.6;
					};
					6D7B79D324E95033007825F1 = {
						CreatedOnToolsVersion = 11.6;
						TestTargetID = 6D7B79B924E95031007825F1;
					};
				};
			};
			buildConfigurationList = 6D7B79B524E95031007825F1 /* Build configuration list for PBXProject "MacCoreDataDocument" */;
			compatibilityVersion = "Xcode 9.3";
			developmentRegion = en;
			hasScannedForEncodings = 0;
			knownRegions = (
				en,
				Base,
			);
			mainGroup = 6D7B79B124E95031007825F1;
			productRefGroup = 6D7B79BB24E95031007825F1 /* Products */;
			projectDirPath = "";
			projectRoot = "";
			targets = (
				6D7B79B924E95031007825F1 /* MacCoreDataDocument */,
				6D7B79D324E95033007825F1 /* MacCoreDataDocumentUITests */,
			);
		};
/* End PBXProject section */

/* Begin PBXResourcesBuildPhase section */
		6D7B79B824E95031007825F1 /* Resources */ = {
			isa = PBXResourcesBuildPhase;
			buildActionMask = 2147483647;
			files = (
				6D7B79CD24E95033007825F1 /* Main.storyboard in Resources */,
				6D7B79CA24E95033007825F1 /* Preview Assets.xcassets in Resources */,
				6D7B79C724E95033007825F1 /* Assets.xcassets in Resources */,
			);
			runOnlyForDeploymentPostprocessing = 0;
		};
		6D7B79D224E95033007825F1 /* Resources */ = {
			isa = PBXResourcesBuildPhase;
			buildActionMask = 2147483647;
			files = (
			);
			runOnlyForDeploymentPostprocessing = 0;
		};
/* End PBXResourcesBuildPhase section */

/* Begin PBXSourcesBuildPhase section */
		6D7B79B624E95031007825F1 /* Sources */ = {
			isa = PBXSourcesBuildPhase;
			buildActionMask = 2147483647;
			files = (
				6D7B79C524E95031007825F1 /* Document.xcdatamodeld in Sources */,
				6D7B79C024E95031007825F1 /* Document.swift in Sources */,
				6D7B79BE24E95031007825F1 /* AppDelegate.swift in Sources */,
				6D7B79C224E95031007825F1 /* ContentView.swift in Sources */,
			);
			runOnlyForDeploymentPostprocessing = 0;
		};
		6D7B79D024E95033007825F1 /* Sources */ = {
			isa = PBXSourcesBuildPhase;
			buildActionMask = 2147483647;
			files = (
				6D7B79D924E95033007825F1 /* MacCoreDataDocumentUITests.swift in Sources */,
			);
			runOnlyForDeploymentPostprocessing = 0;
		};
/* End PBXSourcesBuildPhase section */

/* Begin PBXTargetDependency section */
		6D7B79D624E95033007825F1 /* PBXTargetDependency */ = {
			isa = PBXTargetDependency;
			target = 6D7B79B924E95031007825F1 /* MacCoreDataDocument */;
			targetProxy = 6D7B79D524E95033007825F1 /* PBXContainerItemProxy */;
		};
/* End PBXTargetDependency section */

/* Begin PBXVariantGroup section */
		6D7B79CB24E95033007825F1 /* Main.storyboard */ = {
			isa = PBXVariantGroup;
			children = (
				6D7B79CC24E95033007825F1 /* Base */,
			);
			name = Main.storyboard;
			sourceTree = "<group>";
		};
/* End PBXVariantGroup section */

/* Begin XCBuildConfiguration section */
		6D7B79DB24E95033007825F1 /* Debug */ = {
			isa = XCBuildConfiguration;
			buildSettings = {
				ALWAYS_SEARCH_USER_PATHS = NO;
				CLANG_ANALYZER_NONNULL = YES;
				CLANG_ANALYZER_NUMBER_OBJECT_CONVERSION = YES_AGGRESSIVE;
				CLANG_CXX_LANGUAGE_STANDARD = "gnu++14";
				CLANG_CXX_LIBRARY = "libc++";
				CLANG_ENABLE_MODULES = YES;
				CLANG_ENABLE_OBJC_ARC = YES;
				CLANG_ENABLE_OBJC_WEAK = YES;
				CLANG_WARN_BLOCK_CAPTURE_AUTORELEASING = YES;
				CLANG_WARN_BOOL_CONVERSION = YES;
				CLANG_WARN_COMMA = YES;
				CLANG_WARN_CONSTANT_CONVERSION = YES;
				CLANG_WARN_DEPRECATED_OBJC_IMPLEMENTATIONS = YES;
				CLANG_WARN_DIRECT_OBJC_ISA_USAGE = YES_ERROR;
				CLANG_WARN_DOCUMENTATION_COMMENTS = YES;
				CLANG_WARN_EMPTY_BODY = YES;
				CLANG_WARN_ENUM_CONVERSION = YES;
				CLANG_WARN_INFINITE_RECURSION = YES;
				CLANG_WARN_INT_CONVERSION = YES;
				CLANG_WARN_NON_LITERAL_NULL_CONVERSION = YES;
				CLANG_WARN_OBJC_IMPLICIT_RETAIN_SELF = YES;
				CLANG_WARN_OBJC_LITERAL_CONVERSION = YES;
				CLANG_WARN_OBJC_ROOT_CLASS = YES_ERROR;
				CLANG_WARN_RANGE_LOOP_ANALYSIS = YES;
				CLANG_WARN_STRICT_PROTOTYPES = YES;
				CLANG_WARN_SUSPICIOUS_MOVE = YES;
				CLANG_WARN_UNGUARDED_AVAILABILITY = YES_AGGRESSIVE;
				CLANG_WARN_UNREACHABLE_CODE = YES;
				CLANG_WARN__DUPLICATE_METHOD_MATCH = YES;
				COPY_PHASE_STRIP = NO;
				DEBUG_INFORMATION_FORMAT = dwarf;
				ENABLE_STRICT_OBJC_MSGSEND = YES;
				ENABLE_TESTABILITY = YES;
				GCC_C_LANGUAGE_STANDARD = gnu11;
				GCC_DYNAMIC_NO_PIC = NO;
				GCC_NO_COMMON_BLOCKS = YES;
				GCC_OPTIMIZATION_LEVEL = 0;
				GCC_PREPROCESSOR_DEFINITIONS = (
					"DEBUG=1",
					"$(inherited)",
				);
				GCC_WARN_64_TO_32_BIT_CONVERSION = YES;
				GCC_WARN_ABOUT_RETURN_TYPE = YES_ERROR;
				GCC_WARN_UNDECLARED_SELECTOR = YES;
				GCC_WARN_UNINITIALIZED_AUTOS = YES_AGGRESSIVE;
				GCC_WARN_UNUSED_FUNCTION = YES;
				GCC_WARN_UNUSED_VARIABLE = YES;
				MACOSX_DEPLOYMENT_TARGET = 10.15;
				MTL_ENABLE_DEBUG_INFO = INCLUDE_SOURCE;
				MTL_FAST_MATH = YES;
				ONLY_ACTIVE_ARCH = YES;
				SDKROOT = macosx;
				SWIFT_ACTIVE_COMPILATION_CONDITIONS = DEBUG;
				SWIFT_OPTIMIZATION_LEVEL = "-Onone";
			};
			name = Debug;
		};
		6D7B79DC24E95033007825F1 /* Release */ = {
			isa = XCBuildConfiguration;
			buildSettings = {
				ALWAYS_SEARCH_USER_PATHS = NO;
				CLANG_ANALYZER_NONNULL = YES;
				CLANG_ANALYZER_NUMBER_OBJECT_CONVERSION = YES_AGGRESSIVE;
				CLANG_CXX_LANGUAGE_STANDARD = "gnu++14";
				CLANG_CXX_LIBRARY = "libc++";
				CLANG_ENABLE_MODULES = YES;
				CLANG_ENABLE_OBJC_ARC = YES;
				CLANG_ENABLE_OBJC_WEAK = YES;
				CLANG_WARN_BLOCK_CAPTURE_AUTORELEASING = YES;
				CLANG_WARN_BOOL_CONVERSION = YES;
				CLANG_WARN_COMMA = YES;
				CLANG_WARN_CONSTANT_CONVERSION = YES;
				CLANG_WARN_DEPRECATED_OBJC_IMPLEMENTATIONS = YES;
				CLANG_WARN_DIRECT_OBJC_ISA_USAGE = YES_ERROR;
				CLANG_WARN_DOCUMENTATION_COMMENTS = YES;
				CLANG_WARN_EMPTY_BODY = YES;
				CLANG_WARN_ENUM_CONVERSION = YES;
				CLANG_WARN_INFINITE_RECURSION = YES;
				CLANG_WARN_INT_CONVERSION = YES;
				CLANG_WARN_NON_LITERAL_NULL_CONVERSION = YES;
				CLANG_WARN_OBJC_IMPLICIT_RETAIN_SELF = YES;
				CLANG_WARN_OBJC_LITERAL_CONVERSION = YES;
				CLANG_WARN_OBJC_ROOT_CLASS = YES_ERROR;
				CLANG_WARN_RANGE_LOOP_ANALYSIS = YES;
				CLANG_WARN_STRICT_PROTOTYPES = YES;
				CLANG_WARN_SUSPICIOUS_MOVE = YES;
				CLANG_WARN_UNGUARDED_AVAILABILITY = YES_AGGRESSIVE;
				CLANG_WARN_UNREACHABLE_CODE = YES;
				CLANG_WARN__DUPLICATE_METHOD_MATCH = YES;
				COPY_PHASE_STRIP = NO;
				DEBUG_INFORMATION_FORMAT = "dwarf-with-dsym";
				ENABLE_NS_ASSERTIONS = NO;
				ENABLE_STRICT_OBJC_MSGSEND = YES;
				GCC_C_LANGUAGE_STANDARD = gnu11;
				GCC_NO_COMMON_BLOCKS = YES;
				GCC_WARN_64_TO_32_BIT_CONVERSION = YES;
				GCC_WARN_ABOUT_RETURN_TYPE = YES_ERROR;
				GCC_WARN_UNDECLARED_SELECTOR = YES;
				GCC_WARN_UNINITIALIZED_AUTOS = YES_AGGRESSIVE;
				GCC_WARN_UNUSED_FUNCTION = YES;
				GCC_WARN_UNUSED_VARIABLE = YES;
				MACOSX_DEPLOYMENT_TARGET = 10.15;
				MTL_ENABLE_DEBUG_INFO = NO;
				MTL_FAST_MATH = YES;
				SDKROOT = macosx;
				SWIFT_COMPILATION_MODE = wholemodule;
				SWIFT_OPTIMIZATION_LEVEL = "-O";
			};
			name = Release;
		};
		6D7B79DE24E95033007825F1 /* Debug */ = {
			isa = XCBuildConfiguration;
			buildSettings = {
				ASSETCATALOG_COMPILER_APPICON_NAME = AppIcon;
				CODE_SIGN_ENTITLEMENTS = MacCoreDataDocument/MacCoreDataDocument.entitlements;
				CODE_SIGN_STYLE = Automatic;
				COMBINE_HIDPI_IMAGES = YES;
				DEVELOPMENT_ASSET_PATHS = "\"MacCoreDataDocument/Preview Content\"";
				DEVELOPMENT_TEAM = 6RK7SF6JYR;
				ENABLE_HARDENED_RUNTIME = YES;
				ENABLE_PREVIEWS = YES;
				INFOPLIST_FILE = MacCoreDataDocument/Info.plist;
				LD_RUNPATH_SEARCH_PATHS = (
					"$(inherited)",
					"@executable_path/../Frameworks",
				);
				MACOSX_DEPLOYMENT_TARGET = 10.15;
				PRODUCT_BUNDLE_IDENTIFIER = com.spenceley.MacCoreDataDocument;
				PRODUCT_NAME = "$(TARGET_NAME)";
				SWIFT_VERSION = 5.0;
			};
			name = Debug;
		};
		6D7B79DF24E95033007825F1 /* Release */ = {
			isa = XCBuildConfiguration;
			buildSettings = {
				ASSETCATALOG_COMPILER_APPICON_NAME = AppIcon;
				CODE_SIGN_ENTITLEMENTS = MacCoreDataDocument/MacCoreDataDocument.entitlements;
				CODE_SIGN_STYLE = Automatic;
				COMBINE_HIDPI_IMAGES = YES;
				DEVELOPMENT_ASSET_PATHS = "\"MacCoreDataDocument/Preview Content\"";
				DEVELOPMENT_TEAM = 6RK7SF6JYR;
				ENABLE_HARDENED_RUNTIME = YES;
				ENABLE_PREVIEWS = YES;
				INFOPLIST_FILE = MacCoreDataDocument/Info.plist;
				LD_RUNPATH_SEARCH_PATHS = (
					"$(inherited)",
					"@executable_path/../Frameworks",
				);
				MACOSX_DEPLOYMENT_TARGET = 10.15;
				PRODUCT_BUNDLE_IDENTIFIER = com.spenceley.MacCoreDataDocument;
				PRODUCT_NAME = "$(TARGET_NAME)";
				SWIFT_VERSION = 5.0;
			};
			name = Release;
		};
		6D7B79E124E95033007825F1 /* Debug */ = {
			isa = XCBuildConfiguration;
			buildSettings = {
				ALWAYS_EMBED_SWIFT_STANDARD_LIBRARIES = YES;
				CODE_SIGN_STYLE = Automatic;
				COMBINE_HIDPI_IMAGES = YES;
				DEVELOPMENT_TEAM = 6RK7SF6JYR;
				INFOPLIST_FILE = MacCoreDataDocumentUITests/Info.plist;
				LD_RUNPATH_SEARCH_PATHS = (
					"$(inherited)",
					"@executable_path/../Frameworks",
					"@loader_path/../Frameworks",
				);
				PRODUCT_BUNDLE_IDENTIFIER = com.spenceley.MacCoreDataDocumentUITests;
				PRODUCT_NAME = "$(TARGET_NAME)";
				SWIFT_VERSION = 5.0;
				TEST_TARGET_NAME = MacCoreDataDocument;
			};
			name = Debug;
		};
		6D7B79E224E95033007825F1 /* Release */ = {
			isa = XCBuildConfiguration;
			buildSettings = {
				ALWAYS_EMBED_SWIFT_STANDARD_LIBRARIES = YES;
				CODE_SIGN_STYLE = Automatic;
				COMBINE_HIDPI_IMAGES = YES;
				DEVELOPMENT_TEAM = 6RK7SF6JYR;
				INFOPLIST_FILE = MacCoreDataDocumentUITests/Info.plist;
				LD_RUNPATH_SEARCH_PATHS = (
					"$(inherited)",
					"@executable_path/../Frameworks",
					"@loader_path/../Frameworks",
				);
				PRODUCT_BUNDLE_IDENTIFIER = com.spenceley.MacCoreDataDocumentUITests;
				PRODUCT_NAME = "$(TARGET_NAME)";
				SWIFT_VERSION = 5.0;
				TEST_TARGET_NAME = MacCoreDataDocument;
			};
			name = Release;
		};
/* End XCBuildConfiguration section */

/* Begin XCConfigurationList section */
		6D7B79B524E95031007825F1 /* Build configuration list for PBXProject "MacCoreDataDocument" */ = {
			isa = XCConfigurationList;
			buildConfigurations = (
				6D7B79DB24E95033007825F1 /* Debug */,
				6D7B79DC24E95033007825F1 /* Release */,
			);
			defaultConfigurationIsVisible = 0;
			defaultConfigurationName = Release;
		};
		6D7B79DD24E95033007825F1 /* Build configuration list for PBXNativeTarget "MacCoreDataDocument" */ = {
			isa = XCConfigurationList;
			buildConfigurations = (
				6D7B79DE24E95033007825F1 /* Debug */,
				6D7B79DF24E95033007825F1 /* Release */,
			);
			defaultConfigurationIsVisible = 0;
			defaultConfigurationName = Release;
		};
		6D7B79E024E95033007825F1 /* Build configuration list for PBXNativeTarget "MacCoreDataDocumentUITests" */ = {
			isa = XCConfigurationList;
			buildConfigurations = (
				6D7B79E124E95033007825F1 /* Debug */,
				6D7B79E224E95033007825F1 /* Release */,
			);
			defaultConfigurationIsVisible = 0;
			defaultConfigurationName = Release;
		};
/* End XCConfigurationList section */

/* Begin XCVersionGroup section */
		6D7B79C324E95031007825F1 /* Document.xcdatamodeld */ = {
			isa = XCVersionGroup;
			children = (
				6D7B79C424E95031007825F1 /* Document.xcdatamodel */,
			);
			currentVersion = 6D7B79C424E95031007825F1 /* Document.xcdatamodel */;
			path = Document.xcdatamodeld;
			sourceTree = "<group>";
			versionGroupType = wrapper.xcdatamodel;
		};
/* End XCVersionGroup section */
	};
	rootObject = 6D7B79B224E95031007825F1 /* Project object */;
}
